
Microsoft Visual Studio Solution File, Format Version 12.00
# Visual Studio Version 16
VisualStudioVersion = 16.0.31205.134
MinimumVisualStudioVersion = 10.0.40219.1
Project("{FAE04EC0-301F-11D3-BF4B-00C04F79EFBC}") = "efdemo", "efdemo\efdemo.csproj", "{596DDB26-26FD-4C87-9531-F4A2F2571A5B}"
EndProject
Project("{FAE04EC0-301F-11D3-BF4B-00C04F79EFBC}") = "Model", "Model\Model.csproj", "{20099FDC-D95C-46BE-9B5C-0E45F3C57770}"
EndProject
Global
	GlobalSection(SolutionConfigurationPlatforms) = preSolution
		Debug|Any CPU = Debug|Any CPU
		Release|Any CPU = Release|Any CPU
	EndGlobalSection
	GlobalSection(ProjectConfigurationPlatforms) = postSolution
		{596DDB26-26FD-4C87-9531-F4A2F2571A5B}.Debug|Any CPU.ActiveCfg = Debug|Any CPU
		{596DDB26-26FD-4C87-9531-F4A2F2571A5B}.Debug|Any CPU.Build.0 = Debug|Any CPU
		{596DDB26-26FD-4C87-9531-F4A2F2571A5B}.Release|Any CPU.ActiveCfg = Release|Any CPU
		{596DDB26-26FD-4C87-9531-F4A2F2571A5B}.Release|Any CPU.Build.0 = Release|Any CPU
		{20099FDC-D95C-46BE-9B5C-0E45F3C57770}.Debug|Any CPU.ActiveCfg = Debug|Any CPU
		{20099FDC-D95C-46BE-9B5C-0E45F3C57770}.Debug|Any CPU.Build.0 = Debug|Any CPU
		{20099FDC-D95C-46BE-9B5C-0E45F3C57770}.Release|Any CPU.ActiveCfg = Release|Any CPU
		{20099FDC-D95C-46BE-9B5C-0E45F3C57770}.Release|Any CPU.Build.0 = Release|Any CPU
	EndGlobalSection
	GlobalSection(SolutionProperties) = preSolution
		HideSolutionNode = FALSE
	EndGlobalSection
	GlobalSection(ExtensibilityGlobals) = postSolution
		SolutionGuid = {814F5B47-3D08-4813-9A4D-246103949DFD}
	EndGlobalSection
EndGlobal
